{
  "version": "4",
  "specifiers": {
    "jsr:@astral/astral@*": "0.5.2",
    "jsr:@deno-library/progress@^1.5.1": "1.5.1",
    "jsr:@std/async@1": "1.0.12",
    "jsr:@std/fmt@1.0.3": "1.0.3",
    "jsr:@std/fs@1": "1.0.16",
    "jsr:@std/io@0.225.0": "0.225.0",
    "jsr:@std/path@1": "1.0.8",
    "jsr:@zip-js/zip-js@^2.7.52": "2.7.60"
  },
  "jsr": {
    "@astral/astral@0.5.2": {
      "integrity": "dc4b7e0ea5d8186fcd9e33e2c54e62913d7eb99d5a2d4f987b1c5399d8e295de",
      "dependencies": [
        "jsr:@deno-library/progress",
        "jsr:@std/async",
        "jsr:@std/fs",
        "jsr:@std/path",
        "jsr:@zip-js/zip-js"
      ]
    },
    "@deno-library/progress@1.5.1": {
      "integrity": "966611826b8bb27baae73ab1c4fa4317cd4edd2abb99750cd6f8488d22d5b121",
      "dependencies": [
        "jsr:@std/fmt",
        "jsr:@std/io"
      ]
    },
    "@std/async@1.0.12": {
      "integrity": "d1bfcec459e8012846fe4e38dfc4241ab23240ecda3d8d6dfcf6d81a632e803d"
    },
    "@std/fmt@1.0.3": {
      "integrity": "97765c16aa32245ff4e2204ecf7d8562496a3cb8592340a80e7e554e0bb9149f"
    },
    "@std/fs@1.0.16": {
      "integrity": "81878f62b6eeda0bf546197fc3daa5327c132fee1273f6113f940784a468b036"
    },
    "@std/io@0.225.0": {
      "integrity": "c1db7c5e5a231629b32d64b9a53139445b2ca640d828c26bf23e1c55f8c079b3"
    },
    "@std/path@1.0.8": {
      "integrity": "548fa456bb6a04d3c1a1e7477986b6cffbce95102d0bb447c67c4ee70e0364be"
    },
    "@zip-js/zip-js@2.7.60": {
      "integrity": "6bb6cf0d02b64ca9acba8c7bc072293609ec3bad584db2b5cf3bb089e031ea0e"
    }
  }
}
